{
  "name": "agentvet-action",
  "version": "0.0.0",
  "lockfileVersion": 3,
  "requires": true,
  "packages": {
    "": {
      "name": "agentvet-action",
      "version": "0.0.0",
      "devDependencies": {
        "@mukundakatta/agentvet": "^0.1.1"
      }
    },
    "node_modules/@mukundakatta/agentvet": {
      "version": "0.1.1",
      "resolved": "https://registry.npmjs.org/@mukundakatta/agentvet/-/agentvet-0.1.1.tgz",
      "integrity": "sha512-6nBvk2ejsTkoQ9uClZW4jP2AXYKZmKdouoK64Bt4sjq1t7KCeBpJiBuDslSJJXcn43RTAzeKhWVhcdXfYe3tLQ==",
      "dev": true,
      "license": "MIT",
      "bin": {
        "agentvet": "src/cli.js"
      },
      "engines": {
        "node": ">=20"
      }
    }
  }
}
